
Microsoft Visual Studio Solution File, Format Version 12.00
# Visual Studio Version 17
VisualStudioVersion = 17.8.34525.116
MinimumVisualStudioVersion = 10.0.40219.1
Project("{9A19103F-16F7-4668-BE54-9A1E7A4F7556}") = "DotNetTrainingBatch3.ConsoleApp", "DotNetTrainingBatch3.ConsoleApp\DotNetTrainingBatch3.ConsoleApp.csproj", "{6DBAA4A0-F8A8-4123-99EA-086D5DA1225A}"
EndProject
Project("{2150E333-8FDC-42A3-9474-1A3956D46DE8}") = "Documents", "Documents", "{3B5A4CE3-D395-422F-97C4-C0BC55DE05AE}"
	ProjectSection(SolutionItems) = preProject
		README.md = README.md
	EndProjectSection
EndProject
Project("{FAE04EC0-301F-11D3-BF4B-00C04F79EFBC}") = "DotNetTrainingBatch.WebAPI", "DotNetTrainingBatch.WebAPI\DotNetTrainingBatch.WebAPI.csproj", "{2EAE8D44-4F97-4D81-98EC-84AA02FFB6E5}"
EndProject
Global
	GlobalSection(SolutionConfigurationPlatforms) = preSolution
		Debug|Any CPU = Debug|Any CPU
		Release|Any CPU = Release|Any CPU
	EndGlobalSection
	GlobalSection(ProjectConfigurationPlatforms) = postSolution
		{6DBAA4A0-F8A8-4123-99EA-086D5DA1225A}.Debug|Any CPU.ActiveCfg = Debug|Any CPU
		{6DBAA4A0-F8A8-4123-99EA-086D5DA1225A}.Debug|Any CPU.Build.0 = Debug|Any CPU
		{6DBAA4A0-F8A8-4123-99EA-086D5DA1225A}.Release|Any CPU.ActiveCfg = Release|Any CPU
		{6DBAA4A0-F8A8-4123-99EA-086D5DA1225A}.Release|Any CPU.Build.0 = Release|Any CPU
		{2EAE8D44-4F97-4D81-98EC-84AA02FFB6E5}.Debug|Any CPU.ActiveCfg = Debug|Any CPU
		{2EAE8D44-4F97-4D81-98EC-84AA02FFB6E5}.Debug|Any CPU.Build.0 = Debug|Any CPU
		{2EAE8D44-4F97-4D81-98EC-84AA02FFB6E5}.Release|Any CPU.ActiveCfg = Release|Any CPU
		{2EAE8D44-4F97-4D81-98EC-84AA02FFB6E5}.Release|Any CPU.Build.0 = Release|Any CPU
	EndGlobalSection
	GlobalSection(SolutionProperties) = preSolution
		HideSolutionNode = FALSE
	EndGlobalSection
	GlobalSection(ExtensibilityGlobals) = postSolution
		SolutionGuid = {182C5301-A434-4858-BBAA-91CDD68E4E49}
	EndGlobalSection
EndGlobal
